{
  "name": "my-configs",
  "lockfileVersion": 2,
  "requires": true,
  "packages": {
    "": {
      "dependencies": {
        "reason-cli": "^3.3.3-macos-1",
        "rtop": "^0.4.6"
      }
    },
    "node_modules/asn1": {
      "version": "0.2.6",
      "resolved": "https://registry.npmjs.org/asn1/-/asn1-0.2.6.tgz",
      "integrity": "sha512-ix/FxPn0MDjeyJ7i/yoHGFt/EX6LyNbxSEhPPXODPL+KB0VPk86UYfL0lMdy+KCnv+fmvIzySwaK5COwqVbWTQ==",
      "dependencies": {
        "safer-buffer": "~2.1.0"
      }
    },
    "node_modules/blessed": {
      "version": "0.0.51",
      "resolved": "https://registry.npmjs.org/blessed/-/blessed-0.0.51.tgz",
      "integrity": "sha1-ED8hegxTaXJ8/kfzBpXhsfYVyq4=",
      "bin": {
        "blessed": "bin/tput.js"
      }
    },
    "node_modules/core-util-is": {
      "version": "1.0.3",
      "resolved": "https://registry.npmjs.org/core-util-is/-/core-util-is-1.0.3.tgz",
      "integrity": "sha512-ZQBvi1DcpJ4GDqanjucZ2Hj3wEO5pZDS89BWbkcrvdxksJorwUDDZamX9ldFkp9aw2lmBDLgkObEA4DWNJ9FYQ=="
    },
    "node_modules/drawille": {
      "version": "0.1.1",
      "resolved": "https://registry.npmjs.org/drawille/-/drawille-0.1.1.tgz",
      "integrity": "sha1-1qwqQfeRB5OPJXh2LTQ9+LFCPVo="
    },
    "node_modules/inherits": {
      "version": "2.0.4",
      "resolved": "https://registry.npmjs.org/inherits/-/inherits-2.0.4.tgz",
      "integrity": "sha512-k/vGaX4/Yla3WzyMCvTQOXYeIHvqOKtnqBduzTHpzpQZzAskKMhZ2K+EnBiSM9zGSoIFeMpXKxa4dYeZIQqewQ=="
    },
    "node_modules/isarray": {
      "version": "0.0.1",
      "resolved": "https://registry.npmjs.org/isarray/-/isarray-0.0.1.tgz",
      "integrity": "sha1-ihis/Kmo9Bd+Cav8YDiTmwXR7t8="
    },
    "node_modules/minimist": {
      "version": "1.2.6",
      "resolved": "https://registry.npmjs.org/minimist/-/minimist-1.2.6.tgz",
      "integrity": "sha512-Jsjnk4bw3YJqYzbdyBiNsPWHPfO++UGG749Cxs6peCu5Xg4nrena6OVxOYxrQTqww0Jmwt+Ref8rggumkTLz9Q=="
    },
    "node_modules/readable-stream": {
      "version": "1.0.34",
      "resolved": "https://registry.npmjs.org/readable-stream/-/readable-stream-1.0.34.tgz",
      "integrity": "sha1-Elgg40vIQtLyqq+v5MKRbuMsFXw=",
      "dependencies": {
        "core-util-is": "~1.0.0",
        "inherits": "~2.0.1",
        "isarray": "0.0.1",
        "string_decoder": "~0.10.x"
      }
    },
    "node_modules/reason-cli": {
      "version": "3.3.3-macos-1",
      "resolved": "https://registry.npmjs.org/reason-cli/-/reason-cli-3.3.3-macos-1.tgz",
      "integrity": "sha512-YdX54+bG2qjwlKYpgttfdhUIpKvkxBMY4x530GOyvSNNMU7pSzuc2H5x6Bt8pxKOyq0Kz/NQk/TMXT5AITdFcg==",
      "hasInstallScript": true,
      "bin": {
        "ocamlmerlin": "bin/ocamlmerlin",
        "ocamlmerlin-reason": "bin/ocamlmerlin-reason",
        "ocamlmerlin-server": "bin/ocamlmerlin-server",
        "reactjs_jsx_ppx_v2": "bin/reactjs_jsx_ppx_v2",
        "refmt": "bin/refmt",
        "refmttype": "bin/refmttype",
        "rtop": "bin/rtop",
        "utop": "bin/utop"
      }
    },
    "node_modules/rtop": {
      "version": "0.4.6",
      "resolved": "https://registry.npmjs.org/rtop/-/rtop-0.4.6.tgz",
      "integrity": "sha512-Mxd+8pH9kleVdeYNj+ivKs15BF0YUb/wwgmvafHkFUUdJkGtrjoVJpqiUsYlrh6vBhJAYg6UyY44KHOhgJgMjA==",
      "dependencies": {
        "blessed": "0.0.51",
        "drawille": "0.1.1",
        "minimist": "^1.1.0",
        "ssh2": "^0.4.13"
      },
      "bin": {
        "rtop": "bin/rtop"
      },
      "engines": {
        "node": ">=0.10.0"
      }
    },
    "node_modules/safer-buffer": {
      "version": "2.1.2",
      "resolved": "https://registry.npmjs.org/safer-buffer/-/safer-buffer-2.1.2.tgz",
      "integrity": "sha512-YZo3K82SD7Riyi0E1EQPojLz7kpepnSQI9IyPbHHg1XXXevb5dJI7tpyN2ADxGcQbHG7vcyRHk0cbwqcQriUtg=="
    },
    "node_modules/ssh2": {
      "version": "0.4.15",
      "resolved": "https://registry.npmjs.org/ssh2/-/ssh2-0.4.15.tgz",
      "integrity": "sha1-B8b0EG2fe26m5N9jbGxT8fmBf/g=",
      "dependencies": {
        "readable-stream": "~1.0.0",
        "ssh2-streams": "~0.0.22"
      },
      "engines": {
        "node": ">=0.8.7"
      }
    },
    "node_modules/ssh2-streams": {
      "version": "0.0.23",
      "resolved": "https://registry.npmjs.org/ssh2-streams/-/ssh2-streams-0.0.23.tgz",
      "integrity": "sha1-ru8wgxu1/Er2qj9tCiYaQTUxYSs=",
      "dependencies": {
        "asn1": "~0.2.0",
        "readable-stream": "~1.0.0",
        "streamsearch": "~0.1.2"
      },
      "engines": {
        "node": ">=0.8.7"
      }
    },
    "node_modules/streamsearch": {
      "version": "0.1.2",
      "resolved": "https://registry.npmjs.org/streamsearch/-/streamsearch-0.1.2.tgz",
      "integrity": "sha1-gIudDlb8Jz2Am6VzOOkpkZoanxo=",
      "engines": {
        "node": ">=0.8.0"
      }
    },
    "node_modules/string_decoder": {
      "version": "0.10.31",
      "resolved": "https://registry.npmjs.org/string_decoder/-/string_decoder-0.10.31.tgz",
      "integrity": "sha1-YuIDvEF2bGwoyfyEMB2rHFMQ+pQ="
    }
  },
  "dependencies": {
    "asn1": {
      "version": "0.2.6",
      "resolved": "https://registry.npmjs.org/asn1/-/asn1-0.2.6.tgz",
      "integrity": "sha512-ix/FxPn0MDjeyJ7i/yoHGFt/EX6LyNbxSEhPPXODPL+KB0VPk86UYfL0lMdy+KCnv+fmvIzySwaK5COwqVbWTQ==",
      "requires": {
        "safer-buffer": "~2.1.0"
      }
    },
    "blessed": {
      "version": "0.0.51",
      "resolved": "https://registry.npmjs.org/blessed/-/blessed-0.0.51.tgz",
      "integrity": "sha1-ED8hegxTaXJ8/kfzBpXhsfYVyq4="
    },
    "core-util-is": {
      "version": "1.0.3",
      "resolved": "https://registry.npmjs.org/core-util-is/-/core-util-is-1.0.3.tgz",
      "integrity": "sha512-ZQBvi1DcpJ4GDqanjucZ2Hj3wEO5pZDS89BWbkcrvdxksJorwUDDZamX9ldFkp9aw2lmBDLgkObEA4DWNJ9FYQ=="
    },
    "drawille": {
      "version": "0.1.1",
      "resolved": "https://registry.npmjs.org/drawille/-/drawille-0.1.1.tgz",
      "integrity": "sha1-1qwqQfeRB5OPJXh2LTQ9+LFCPVo="
    },
    "inherits": {
      "version": "2.0.4",
      "resolved": "https://registry.npmjs.org/inherits/-/inherits-2.0.4.tgz",
      "integrity": "sha512-k/vGaX4/Yla3WzyMCvTQOXYeIHvqOKtnqBduzTHpzpQZzAskKMhZ2K+EnBiSM9zGSoIFeMpXKxa4dYeZIQqewQ=="
    },
    "isarray": {
      "version": "0.0.1",
      "resolved": "https://registry.npmjs.org/isarray/-/isarray-0.0.1.tgz",
      "integrity": "sha1-ihis/Kmo9Bd+Cav8YDiTmwXR7t8="
    },
    "minimist": {
      "version": "1.2.6",
      "resolved": "https://registry.npmjs.org/minimist/-/minimist-1.2.6.tgz",
      "integrity": "sha512-Jsjnk4bw3YJqYzbdyBiNsPWHPfO++UGG749Cxs6peCu5Xg4nrena6OVxOYxrQTqww0Jmwt+Ref8rggumkTLz9Q=="
    },
    "readable-stream": {
      "version": "1.0.34",
      "resolved": "https://registry.npmjs.org/readable-stream/-/readable-stream-1.0.34.tgz",
      "integrity": "sha1-Elgg40vIQtLyqq+v5MKRbuMsFXw=",
      "requires": {
        "core-util-is": "~1.0.0",
        "inherits": "~2.0.1",
        "isarray": "0.0.1",
        "string_decoder": "~0.10.x"
      }
    },
    "reason-cli": {
      "version": "3.3.3-macos-1",
      "resolved": "https://registry.npmjs.org/reason-cli/-/reason-cli-3.3.3-macos-1.tgz",
      "integrity": "sha512-YdX54+bG2qjwlKYpgttfdhUIpKvkxBMY4x530GOyvSNNMU7pSzuc2H5x6Bt8pxKOyq0Kz/NQk/TMXT5AITdFcg=="
    },
    "rtop": {
      "version": "0.4.6",
      "resolved": "https://registry.npmjs.org/rtop/-/rtop-0.4.6.tgz",
      "integrity": "sha512-Mxd+8pH9kleVdeYNj+ivKs15BF0YUb/wwgmvafHkFUUdJkGtrjoVJpqiUsYlrh6vBhJAYg6UyY44KHOhgJgMjA==",
      "requires": {
        "blessed": "0.0.51",
        "drawille": "0.1.1",
        "minimist": "^1.1.0",
        "ssh2": "^0.4.13"
      }
    },
    "safer-buffer": {
      "version": "2.1.2",
      "resolved": "https://registry.npmjs.org/safer-buffer/-/safer-buffer-2.1.2.tgz",
      "integrity": "sha512-YZo3K82SD7Riyi0E1EQPojLz7kpepnSQI9IyPbHHg1XXXevb5dJI7tpyN2ADxGcQbHG7vcyRHk0cbwqcQriUtg=="
    },
    "ssh2": {
      "version": "0.4.15",
      "resolved": "https://registry.npmjs.org/ssh2/-/ssh2-0.4.15.tgz",
      "integrity": "sha1-B8b0EG2fe26m5N9jbGxT8fmBf/g=",
      "requires": {
        "readable-stream": "~1.0.0",
        "ssh2-streams": "~0.0.22"
      }
    },
    "ssh2-streams": {
      "version": "0.0.23",
      "resolved": "https://registry.npmjs.org/ssh2-streams/-/ssh2-streams-0.0.23.tgz",
      "integrity": "sha1-ru8wgxu1/Er2qj9tCiYaQTUxYSs=",
      "requires": {
        "asn1": "~0.2.0",
        "readable-stream": "~1.0.0",
        "streamsearch": "~0.1.2"
      }
    },
    "streamsearch": {
      "version": "0.1.2",
      "resolved": "https://registry.npmjs.org/streamsearch/-/streamsearch-0.1.2.tgz",
      "integrity": "sha1-gIudDlb8Jz2Am6VzOOkpkZoanxo="
    },
    "string_decoder": {
      "version": "0.10.31",
      "resolved": "https://registry.npmjs.org/string_decoder/-/string_decoder-0.10.31.tgz",
      "integrity": "sha1-YuIDvEF2bGwoyfyEMB2rHFMQ+pQ="
    }
  }
}
